
Microsoft Visual Studio Solution File, Format Version 12.00
# Visual Studio Version 17
VisualStudioVersion = 17.7.34031.279
MinimumVisualStudioVersion = 10.0.40219.1
Project("{FAE04EC0-301F-11D3-BF4B-00C04F79EFBC}") = "DelegatesWithoutParams", "DelegatesAndLambda\DelegatesWithoutParams.csproj", "{D326E181-E2AD-40E5-99C8-A5C168EB9337}"
EndProject
Project("{FAE04EC0-301F-11D3-BF4B-00C04F79EFBC}") = "DelegatesWithParams", "Delegates1\DelegatesWithParams.csproj", "{78957CB2-984E-447B-9F4B-73648039918E}"
EndProject
Project("{FAE04EC0-301F-11D3-BF4B-00C04F79EFBC}") = "GrouppedDelegates", "GrouppedDelegates\GrouppedDelegates.csproj", "{0960D480-C3CA-4441-B5F2-62D32315BA62}"
EndProject
Project("{FAE04EC0-301F-11D3-BF4B-00C04F79EFBC}") = "DelegateMethod", "DelegateMethod\DelegateMethod.csproj", "{F8BC7352-26E8-4D0C-BF26-A061EA8189BA}"
EndProject
Project("{FAE04EC0-301F-11D3-BF4B-00C04F79EFBC}") = "AnonMethods", "AnonMethods\AnonMethods.csproj", "{C86DF67B-5AB3-4BF1-8A81-26242A91A230}"
EndProject
Project("{FAE04EC0-301F-11D3-BF4B-00C04F79EFBC}") = "DelegateAssumptionProcess", "DelegateAssumptionProcess\DelegateAssumptionProcess.csproj", "{C4EBC7CA-5D98-4BA4-899D-44A7D7712F5B}"
EndProject
Project("{FAE04EC0-301F-11D3-BF4B-00C04F79EFBC}") = "LambdaExpressions", "LambdaExpressions\LambdaExpressions.csproj", "{12870105-5656-4172-BBA7-193210AABCAD}"
EndProject
Project("{FAE04EC0-301F-11D3-BF4B-00C04F79EFBC}") = "LambdaStatements", "LambdaOperators\LambdaStatements.csproj", "{BEADCC53-8934-4E80-AFFF-CB2F76D527D6}"
EndProject
Global
	GlobalSection(SolutionConfigurationPlatforms) = preSolution
		Debug|Any CPU = Debug|Any CPU
		Release|Any CPU = Release|Any CPU
	EndGlobalSection
	GlobalSection(ProjectConfigurationPlatforms) = postSolution
		{D326E181-E2AD-40E5-99C8-A5C168EB9337}.Debug|Any CPU.ActiveCfg = Debug|Any CPU
		{D326E181-E2AD-40E5-99C8-A5C168EB9337}.Debug|Any CPU.Build.0 = Debug|Any CPU
		{D326E181-E2AD-40E5-99C8-A5C168EB9337}.Release|Any CPU.ActiveCfg = Release|Any CPU
		{D326E181-E2AD-40E5-99C8-A5C168EB9337}.Release|Any CPU.Build.0 = Release|Any CPU
		{78957CB2-984E-447B-9F4B-73648039918E}.Debug|Any CPU.ActiveCfg = Debug|Any CPU
		{78957CB2-984E-447B-9F4B-73648039918E}.Debug|Any CPU.Build.0 = Debug|Any CPU
		{78957CB2-984E-447B-9F4B-73648039918E}.Release|Any CPU.ActiveCfg = Release|Any CPU
		{78957CB2-984E-447B-9F4B-73648039918E}.Release|Any CPU.Build.0 = Release|Any CPU
		{0960D480-C3CA-4441-B5F2-62D32315BA62}.Debug|Any CPU.ActiveCfg = Debug|Any CPU
		{0960D480-C3CA-4441-B5F2-62D32315BA62}.Debug|Any CPU.Build.0 = Debug|Any CPU
		{0960D480-C3CA-4441-B5F2-62D32315BA62}.Release|Any CPU.ActiveCfg = Release|Any CPU
		{0960D480-C3CA-4441-B5F2-62D32315BA62}.Release|Any CPU.Build.0 = Release|Any CPU
		{F8BC7352-26E8-4D0C-BF26-A061EA8189BA}.Debug|Any CPU.ActiveCfg = Debug|Any CPU
		{F8BC7352-26E8-4D0C-BF26-A061EA8189BA}.Debug|Any CPU.Build.0 = Debug|Any CPU
		{F8BC7352-26E8-4D0C-BF26-A061EA8189BA}.Release|Any CPU.ActiveCfg = Release|Any CPU
		{F8BC7352-26E8-4D0C-BF26-A061EA8189BA}.Release|Any CPU.Build.0 = Release|Any CPU
		{C86DF67B-5AB3-4BF1-8A81-26242A91A230}.Debug|Any CPU.ActiveCfg = Debug|Any CPU
		{C86DF67B-5AB3-4BF1-8A81-26242A91A230}.Debug|Any CPU.Build.0 = Debug|Any CPU
		{C86DF67B-5AB3-4BF1-8A81-26242A91A230}.Release|Any CPU.ActiveCfg = Release|Any CPU
		{C86DF67B-5AB3-4BF1-8A81-26242A91A230}.Release|Any CPU.Build.0 = Release|Any CPU
		{C4EBC7CA-5D98-4BA4-899D-44A7D7712F5B}.Debug|Any CPU.ActiveCfg = Debug|Any CPU
		{C4EBC7CA-5D98-4BA4-899D-44A7D7712F5B}.Debug|Any CPU.Build.0 = Debug|Any CPU
		{C4EBC7CA-5D98-4BA4-899D-44A7D7712F5B}.Release|Any CPU.ActiveCfg = Release|Any CPU
		{C4EBC7CA-5D98-4BA4-899D-44A7D7712F5B}.Release|Any CPU.Build.0 = Release|Any CPU
		{12870105-5656-4172-BBA7-193210AABCAD}.Debug|Any CPU.ActiveCfg = Debug|Any CPU
		{12870105-5656-4172-BBA7-193210AABCAD}.Debug|Any CPU.Build.0 = Debug|Any CPU
		{12870105-5656-4172-BBA7-193210AABCAD}.Release|Any CPU.ActiveCfg = Release|Any CPU
		{12870105-5656-4172-BBA7-193210AABCAD}.Release|Any CPU.Build.0 = Release|Any CPU
		{BEADCC53-8934-4E80-AFFF-CB2F76D527D6}.Debug|Any CPU.ActiveCfg = Debug|Any CPU
		{BEADCC53-8934-4E80-AFFF-CB2F76D527D6}.Debug|Any CPU.Build.0 = Debug|Any CPU
		{BEADCC53-8934-4E80-AFFF-CB2F76D527D6}.Release|Any CPU.ActiveCfg = Release|Any CPU
		{BEADCC53-8934-4E80-AFFF-CB2F76D527D6}.Release|Any CPU.Build.0 = Release|Any CPU
	EndGlobalSection
	GlobalSection(SolutionProperties) = preSolution
		HideSolutionNode = FALSE
	EndGlobalSection
	GlobalSection(ExtensibilityGlobals) = postSolution
		SolutionGuid = {4D7EB37B-8325-435A-B79F-57CAE67138D4}
	EndGlobalSection
EndGlobal
